{
  "name": "testbot",
  "version": "1.0.0",
  "lockfileVersion": 1,
  "requires": true,
  "dependencies": {
    "@snyk/protect": {
      "version": "1.1022.0",
      "resolved": "https://registry.npmjs.org/@snyk/protect/-/protect-1.1022.0.tgz",
      "integrity": "sha512-ASix6hXE9b3lgWovJjpxkx6W57pyqsB67ISxQIomLUd+XHeDodnhM3nsHJwQj8hVRWZwoHoYmnZKy9DgUg0q8w=="
    }
  }
}
